
Microsoft Visual Studio Solution File, Format Version 12.00
# Visual Studio Version 17
VisualStudioVersion = 17.5.33502.453
MinimumVisualStudioVersion = 10.0.40219.1
Project("{FAE04EC0-301F-11D3-BF4B-00C04F79EFBC}") = "WebApis", "WebApis\WebApis.csproj", "{7CD2C386-8466-4EAA-A9C9-3BAC5BA6B530}"
EndProject
Global
	GlobalSection(SolutionConfigurationPlatforms) = preSolution
		Debug|Any CPU = Debug|Any CPU
		Release|Any CPU = Release|Any CPU
	EndGlobalSection
	GlobalSection(ProjectConfigurationPlatforms) = postSolution
		{7CD2C386-8466-4EAA-A9C9-3BAC5BA6B530}.Debug|Any CPU.ActiveCfg = Debug|Any CPU
		{7CD2C386-8466-4EAA-A9C9-3BAC5BA6B530}.Debug|Any CPU.Build.0 = Debug|Any CPU
		{7CD2C386-8466-4EAA-A9C9-3BAC5BA6B530}.Release|Any CPU.ActiveCfg = Release|Any CPU
		{7CD2C386-8466-4EAA-A9C9-3BAC5BA6B530}.Release|Any CPU.Build.0 = Release|Any CPU
	EndGlobalSection
	GlobalSection(SolutionProperties) = preSolution
		HideSolutionNode = FALSE
	EndGlobalSection
	GlobalSection(ExtensibilityGlobals) = postSolution
		SolutionGuid = {BC4ABCD4-C5B4-4959-B5D6-631D2B0EF906}
	EndGlobalSection
EndGlobal
